
Microsoft Visual Studio Solution File, Format Version 12.00
# Visual Studio Version 17
VisualStudioVersion = 17.4.33205.214
MinimumVisualStudioVersion = 10.0.40219.1
Project("{FAE04EC0-301F-11D3-BF4B-00C04F79EFBC}") = "Waterdeep", "Waterdeep.csproj", "{A44E0605-8189-454B-AFF9-5EA6721B1045}"
EndProject
Global
	GlobalSection(SolutionConfigurationPlatforms) = preSolution
		Debug|Any CPU = Debug|Any CPU
		Release|Any CPU = Release|Any CPU
	EndGlobalSection
	GlobalSection(ProjectConfigurationPlatforms) = postSolution
		{A44E0605-8189-454B-AFF9-5EA6721B1045}.Debug|Any CPU.ActiveCfg = Debug|Any CPU
		{A44E0605-8189-454B-AFF9-5EA6721B1045}.Debug|Any CPU.Build.0 = Debug|Any CPU
		{A44E0605-8189-454B-AFF9-5EA6721B1045}.Release|Any CPU.ActiveCfg = Release|Any CPU
		{A44E0605-8189-454B-AFF9-5EA6721B1045}.Release|Any CPU.Build.0 = Release|Any CPU
	EndGlobalSection
	GlobalSection(SolutionProperties) = preSolution
		HideSolutionNode = FALSE
	EndGlobalSection
	GlobalSection(ExtensibilityGlobals) = postSolution
		SolutionGuid = {1C6275AA-3A39-4418-8D1D-E00CECDF40E0}
	EndGlobalSection
EndGlobal
